{
  "requires": true,
  "lockfileVersion": 1,
  "dependencies": {
    "@humanwhocodes/env": {
      "version": "3.0.1",
      "resolved": "https://registry.npmjs.org/@humanwhocodes/env/-/env-3.0.1.tgz",
      "integrity": "sha512-DWYLw6JEX4PaarTF+ehRGkydDO4N1Yz/scjFqv9Ps7ZY20J9BELSJSi5u4dNb3Zg8CmvhJkh2Ro6IZCLfza3UA=="
    }
  }
}
